
Microsoft Visual Studio Solution File, Format Version 12.00
# Visual Studio Version 16
VisualStudioVersion = 16.0.30804.86
MinimumVisualStudioVersion = 10.0.40219.1
Project("{FAE04EC0-301F-11D3-BF4B-00C04F79EFBC}") = "BranchingAndDatabasePractice", "BranchingAndDatabasePractice\BranchingAndDatabasePractice.csproj", "{3232099A-20CF-44FB-9E94-D0B92AA15295}"
EndProject
Project("{00D1A9C2-B5F0-4AF3-8072-F6C62B433612}") = "EquipmentDB", "EquipmentDB\EquipmentDB.sqlproj", "{D672A1DD-C0AC-497D-9E46-6F6A7C9EE59B}"
EndProject
Global
	GlobalSection(SolutionConfigurationPlatforms) = preSolution
		Debug|Any CPU = Debug|Any CPU
		Release|Any CPU = Release|Any CPU
	EndGlobalSection
	GlobalSection(ProjectConfigurationPlatforms) = postSolution
		{3232099A-20CF-44FB-9E94-D0B92AA15295}.Debug|Any CPU.ActiveCfg = Debug|Any CPU
		{3232099A-20CF-44FB-9E94-D0B92AA15295}.Debug|Any CPU.Build.0 = Debug|Any CPU
		{3232099A-20CF-44FB-9E94-D0B92AA15295}.Release|Any CPU.ActiveCfg = Release|Any CPU
		{3232099A-20CF-44FB-9E94-D0B92AA15295}.Release|Any CPU.Build.0 = Release|Any CPU
		{D672A1DD-C0AC-497D-9E46-6F6A7C9EE59B}.Debug|Any CPU.ActiveCfg = Debug|Any CPU
		{D672A1DD-C0AC-497D-9E46-6F6A7C9EE59B}.Debug|Any CPU.Build.0 = Debug|Any CPU
		{D672A1DD-C0AC-497D-9E46-6F6A7C9EE59B}.Debug|Any CPU.Deploy.0 = Debug|Any CPU
		{D672A1DD-C0AC-497D-9E46-6F6A7C9EE59B}.Release|Any CPU.ActiveCfg = Release|Any CPU
		{D672A1DD-C0AC-497D-9E46-6F6A7C9EE59B}.Release|Any CPU.Build.0 = Release|Any CPU
		{D672A1DD-C0AC-497D-9E46-6F6A7C9EE59B}.Release|Any CPU.Deploy.0 = Release|Any CPU
	EndGlobalSection
	GlobalSection(SolutionProperties) = preSolution
		HideSolutionNode = FALSE
	EndGlobalSection
	GlobalSection(ExtensibilityGlobals) = postSolution
		SolutionGuid = {1576EA0F-A75C-4CAF-84F0-DDA189F58B99}
	EndGlobalSection
EndGlobal
